// !$*UTF8*$!
{
	archiveVersion = 1;
	classes = {
	};
	objectVersion = 50;
	objects = {

/* Begin PBXBuildFile section */
		83F6F8AC2568396B00E633AC /* AppDelegate.swift in Sources */ = {isa = PBXBuildFile; fileRef = 83F6F8AB2568396B00E633AC /* AppDelegate.swift */; };
		83F6F8AE2568396B00E633AC /* SceneDelegate.swift in Sources */ = {isa = PBXBuildFile; fileRef = 83F6F8AD2568396B00E633AC /* SceneDelegate.swift */; };
		83F6F8B02568396B00E633AC /* ContentView.swift in Sources */ = {isa = PBXBuildFile; fileRef = 83F6F8AF2568396B00E633AC /* ContentView.swift */; };
		83F6F8B22568396D00E633AC /* Assets.xcassets in Resources */ = {isa = PBXBuildFile; fileRef = 83F6F8B12568396D00E633AC /* Assets.xcassets */; };
		83F6F8B52568396D00E633AC /* Preview Assets.xcassets in Resources */ = {isa = PBXBuildFile; fileRef = 83F6F8B42568396D00E633AC /* Preview Assets.xcassets */; };
		83F6F8B82568396D00E633AC /* LaunchScreen.storyboard in Resources */ = {isa = PBXBuildFile; fileRef = 83F6F8B62568396D00E633AC /* LaunchScreen.storyboard */; };
/* End PBXBuildFile section */

/* Begin PBXFileReference section */
		83F6F8A82568396B00E633AC /* YoutubeWithSwiftUI.app */ = {isa = PBXFileReference; explicitFileType = wrapper.application; includeInIndex = 0; path = YoutubeWithSwiftUI.app; sourceTree = BUILT_PRODUCTS_DIR; };
		83F6F8AB2568396B00E633AC /* AppDelegate.swift */ = {isa = PBXFileReference; lastKnownFileType = sourcecode.swift; path = AppDelegate.swift; sourceTree = "<group>"; };
		83F6F8AD2568396B00E633AC /* SceneDelegate.swift */ = {isa = PBXFileReference; lastKnownFileType = sourcecode.swift; path = SceneDelegate.swift; sourceTree = "<group>"; };
		83F6F8AF2568396B00E633AC /* ContentView.swift */ = {isa = PBXFileReference; lastKnownFileType = sourcecode.swift; path = ContentView.swift; sourceTree = "<group>"; };
		83F6F8B12568396D00E633AC /* Assets.xcassets */ = {isa = PBXFileReference; lastKnownFileType = folder.assetcatalog; path = Assets.xcassets; sourceTree = "<group>"; };
		83F6F8B42568396D00E633AC /* Preview Assets.xcassets */ = {isa = PBXFileReference; lastKnownFileType = folder.assetcatalog; path = "Preview Assets.xcassets"; sourceTree = "<group>"; };
		83F6F8B72568396D00E633AC /* Base */ = {isa = PBXFileReference; lastKnownFileType = file.storyboard; name = Base; path = Base.lproj/LaunchScreen.storyboard; sourceTree = "<group>"; };
		83F6F8B92568396D00E633AC /* Info.plist */ = {isa = PBXFileReference; lastKnownFileType = text.plist.xml; path = Info.plist; sourceTree = "<group>"; };
/* End PBXFileReference section */

/* Begin PBXFrameworksBuildPhase section */
		83F6F8A52568396B00E633AC /* Frameworks */ = {
			isa = PBXFrameworksBuildPhase;
			buildActionMask = 2147483647;
			files = (
			);
			runOnlyForDeploymentPostprocessing = 0;
		};
/* End PBXFrameworksBuildPhase section */

/* Begin PBXGroup section */
		83F6F89F2568396B00E633AC = {
			isa = PBXGroup;
			children = (
				83F6F8AA2568396B00E633AC /* YoutubeWithSwiftUI */,
				83F6F8A92568396B00E633AC /* Products */,
			);
			sourceTree = "<group>";
		};
		83F6F8A92568396B00E633AC /* Products */ = {
			isa = PBXGroup;
			children = (
				83F6F8A82568396B00E633AC /* YoutubeWithSwiftUI.app */,
			);
			name = Products;
			sourceTree = "<group>";
		};
		83F6F8AA2568396B00E633AC /* YoutubeWithSwiftUI */ = {
			isa = PBXGroup;
			children = (
				83F6F8AB2568396B00E633AC /* AppDelegate.swift */,
				83F6F8AD2568396B00E633AC /* SceneDelegate.swift */,
				83F6F8AF2568396B00E633AC /* ContentView.swift */,
				83F6F8B12568396D00E633AC /* Assets.xcassets */,
				83F6F8B62568396D00E633AC /* LaunchScreen.storyboard */,
				83F6F8B92568396D00E633AC /* Info.plist */,
				83F6F8B32568396D00E633AC /* Preview Content */,
			);
			path = YoutubeWithSwiftUI;
			sourceTree = "<group>";
		};
		83F6F8B32568396D00E633AC /* Preview Content */ = {
			isa = PBXGroup;
			children = (
				83F6F8B42568396D00E633AC /* Preview Assets.xcassets */,
			);
			path = "Preview Content";
			sourceTree = "<group>";
		};
/* End PBXGroup section */

/* Begin PBXNativeTarget section */
		83F6F8A72568396B00E633AC /* YoutubeWithSwiftUI */ = {
			isa = PBXNativeTarget;
			buildConfigurationList = 83F6F8BC2568396D00E633AC /* Build configuration list for PBXNativeTarget "YoutubeWithSwiftUI" */;
			buildPhases = (
				83F6F8A42568396B00E633AC /* Sources */,
				83F6F8A52568396B00E633AC /* Frameworks */,
				83F6F8A62568396B00E633AC /* Resources */,
			);
			buildRules = (
			);
			dependencies = (
			);
			name = YoutubeWithSwiftUI;
			productName = YoutubeWithSwiftUI;
			productReference = 83F6F8A82568396B00E633AC /* YoutubeWithSwiftUI.app */;
			productType = "com.apple.product-type.application";
		};
/* End PBXNativeTarget section */

/* Begin PBXProject section */
		83F6F8A02568396B00E633AC /* Project object */ = {
			isa = PBXProject;
			attributes = {
				LastSwiftUpdateCheck = 1170;
				LastUpgradeCheck = 1170;
				ORGANIZATIONNAME = "Tolga İskender";
				TargetAttributes = {
					83F6F8A72568396B00E633AC = {
						CreatedOnToolsVersion = 11.7;
					};
				};
			};
			buildConfigurationList = 83F6F8A32568396B00E633AC /* Build configuration list for PBXProject "YoutubeWithSwiftUI" */;
			compatibilityVersion = "Xcode 9.3";
			developmentRegion = en;
			hasScannedForEncodings = 0;
			knownRegions = (
				en,
				Base,
			);
			mainGroup = 83F6F89F2568396B00E633AC;
			productRefGroup = 83F6F8A92568396B00E633AC /* Products */;
			projectDirPath = "";
			projectRoot = "";
			targets = (
				83F6F8A72568396B00E633AC /* YoutubeWithSwiftUI */,
			);
		};
/* End PBXProject section */

/* Begin PBXResourcesBuildPhase section */
		83F6F8A62568396B00E633AC /* Resources */ = {
			isa = PBXResourcesBuildPhase;
			buildActionMask = 2147483647;
			files = (
				83F6F8B82568396D00E633AC /* LaunchScreen.storyboard in Resources */,
				83F6F8B52568396D00E633AC /* Preview Assets.xcassets in Resources */,
				83F6F8B22568396D00E633AC /* Assets.xcassets in Resources */,
			);
			runOnlyForDeploymentPostprocessing = 0;
		};
/* End PBXResourcesBuildPhase section */

/* Begin PBXSourcesBuildPhase section */
		83F6F8A42568396B00E633AC /* Sources */ = {
			isa = PBXSourcesBuildPhase;
			buildActionMask = 2147483647;
			files = (
				83F6F8AC2568396B00E633AC /* AppDelegate.swift in Sources */,
				83F6F8AE2568396B00E633AC /* SceneDelegate.swift in Sources */,
				83F6F8B02568396B00E633AC /* ContentView.swift in Sources */,
			);
			runOnlyForDeploymentPostprocessing = 0;
		};
/* End PBXSourcesBuildPhase section */

/* Begin PBXVariantGroup section */
		83F6F8B62568396D00E633AC /* LaunchScreen.storyboard */ = {
			isa = PBXVariantGroup;
			children = (
				83F6F8B72568396D00E633AC /* Base */,
			);
			name = LaunchScreen.storyboard;
			sourceTree = "<group>";
		};
/* End PBXVariantGroup section */

/* Begin XCBuildConfiguration section */
		83F6F8BA2568396D00E633AC /* Debug */ = {
			isa = XCBuildConfiguration;
			buildSettings = {
				ALWAYS_SEARCH_USER_PATHS = NO;
				CLANG_ANALYZER_NONNULL = YES;
				CLANG_ANALYZER_NUMBER_OBJECT_CONVERSION = YES_AGGRESSIVE;
				CLANG_CXX_LANGUAGE_STANDARD = "gnu++14";
				CLANG_CXX_LIBRARY = "libc++";
				CLANG_ENABLE_MODULES = YES;
				CLANG_ENABLE_OBJC_ARC = YES;
				CLANG_ENABLE_OBJC_WEAK = YES;
				CLANG_WARN_BLOCK_CAPTURE_AUTORELEASING = YES;
				CLANG_WARN_BOOL_CONVERSION = YES;
				CLANG_WARN_COMMA = YES;
				CLANG_WARN_CONSTANT_CONVERSION = YES;
				CLANG_WARN_DEPRECATED_OBJC_IMPLEMENTATIONS = YES;
				CLANG_WARN_DIRECT_OBJC_ISA_USAGE = YES_ERROR;
				CLANG_WARN_DOCUMENTATION_COMMENTS = YES;
				CLANG_WARN_EMPTY_BODY = YES;
				CLANG_WARN_ENUM_CONVERSION = YES;
				CLANG_WARN_INFINITE_RECURSION = YES;
				CLANG_WARN_INT_CONVERSION = YES;
				CLANG_WARN_NON_LITERAL_NULL_CONVERSION = YES;
				CLANG_WARN_OBJC_IMPLICIT_RETAIN_SELF = YES;
				CLANG_WARN_OBJC_LITERAL_CONVERSION = YES;
				CLANG_WARN_OBJC_ROOT_CLASS = YES_ERROR;
				CLANG_WARN_RANGE_LOOP_ANALYSIS = YES;
				CLANG_WARN_STRICT_PROTOTYPES = YES;
				CLANG_WARN_SUSPICIOUS_MOVE = YES;
				CLANG_WARN_UNGUARDED_AVAILABILITY = YES_AGGRESSIVE;
				CLANG_WARN_UNREACHABLE_CODE = YES;
				CLANG_WARN__DUPLICATE_METHOD_MATCH = YES;
				COPY_PHASE_STRIP = NO;
				DEBUG_INFORMATION_FORMAT = dwarf;
				ENABLE_STRICT_OBJC_MSGSEND = YES;
				ENABLE_TESTABILITY = YES;
				GCC_C_LANGUAGE_STANDARD = gnu11;
				GCC_DYNAMIC_NO_PIC = NO;
				GCC_NO_COMMON_BLOCKS = YES;
				GCC_OPTIMIZATION_LEVEL = 0;
				GCC_PREPROCESSOR_DEFINITIONS = (
					"DEBUG=1",
					"$(inherited)",
				);
				GCC_WARN_64_TO_32_BIT_CONVERSION = YES;
				GCC_WARN_ABOUT_RETURN_TYPE = YES_ERROR;
				GCC_WARN_UNDECLARED_SELECTOR = YES;
				GCC_WARN_UNINITIALIZED_AUTOS = YES_AGGRESSIVE;
				GCC_WARN_UNUSED_FUNCTION = YES;
				GCC_WARN_UNUSED_VARIABLE = YES;
				IPHONEOS_DEPLOYMENT_TARGET = 13.7;
				MTL_ENABLE_DEBUG_INFO = INCLUDE_SOURCE;
				MTL_FAST_MATH = YES;
				ONLY_ACTIVE_ARCH = YES;
				SDKROOT = iphoneos;
				SWIFT_ACTIVE_COMPILATION_CONDITIONS = DEBUG;
				SWIFT_OPTIMIZATION_LEVEL = "-Onone";
			};
			name = Debug;
		};
		83F6F8BB2568396D00E633AC /* Release */ = {
			isa = XCBuildConfiguration;
			buildSettings = {
				ALWAYS_SEARCH_USER_PATHS = NO;
				CLANG_ANALYZER_NONNULL = YES;
				CLANG_ANALYZER_NUMBER_OBJECT_CONVERSION = YES_AGGRESSIVE;
				CLANG_CXX_LANGUAGE_STANDARD = "gnu++14";
				CLANG_CXX_LIBRARY = "libc++";
				CLANG_ENABLE_MODULES = YES;
				CLANG_ENABLE_OBJC_ARC = YES;
				CLANG_ENABLE_OBJC_WEAK = YES;
				CLANG_WARN_BLOCK_CAPTURE_AUTORELEASING = YES;
				CLANG_WARN_BOOL_CONVERSION = YES;
				CLANG_WARN_COMMA = YES;
				CLANG_WARN_CONSTANT_CONVERSION = YES;
				CLANG_WARN_DEPRECATED_OBJC_IMPLEMENTATIONS = YES;
				CLANG_WARN_DIRECT_OBJC_ISA_USAGE = YES_ERROR;
				CLANG_WARN_DOCUMENTATION_COMMENTS = YES;
				CLANG_WARN_EMPTY_BODY = YES;
				CLANG_WARN_ENUM_CONVERSION = YES;
				CLANG_WARN_INFINITE_RECURSION = YES;
				CLANG_WARN_INT_CONVERSION = YES;
				CLANG_WARN_NON_LITERAL_NULL_CONVERSION = YES;
				CLANG_WARN_OBJC_IMPLICIT_RETAIN_SELF = YES;
				CLANG_WARN_OBJC_LITERAL_CONVERSION = YES;
				CLANG_WARN_OBJC_ROOT_CLASS = YES_ERROR;
				CLANG_WARN_RANGE_LOOP_ANALYSIS = YES;
				CLANG_WARN_STRICT_PROTOTYPES = YES;
				CLANG_WARN_SUSPICIOUS_MOVE = YES;
				CLANG_WARN_UNGUARDED_AVAILABILITY = YES_AGGRESSIVE;
				CLANG_WARN_UNREACHABLE_CODE = YES;
				CLANG_WARN__DUPLICATE_METHOD_MATCH = YES;
				COPY_PHASE_STRIP = NO;
				DEBUG_INFORMATION_FORMAT = "dwarf-with-dsym";
				ENABLE_NS_ASSERTIONS = NO;
				ENABLE_STRICT_OBJC_MSGSEND = YES;
				GCC_C_LANGUAGE_STANDARD = gnu11;
				GCC_NO_COMMON_BLOCKS = YES;
				GCC_WARN_64_TO_32_BIT_CONVERSION = YES;
				GCC_WARN_ABOUT_RETURN_TYPE = YES_ERROR;
				GCC_WARN_UNDECLARED_SELECTOR = YES;
				GCC_WARN_UNINITIALIZED_AUTOS = YES_AGGRESSIVE;
				GCC_WARN_UNUSED_FUNCTION = YES;
				GCC_WARN_UNUSED_VARIABLE = YES;
				IPHONEOS_DEPLOYMENT_TARGET = 13.7;
				MTL_ENABLE_DEBUG_INFO = NO;
				MTL_FAST_MATH = YES;
				SDKROOT = iphoneos;
				SWIFT_COMPILATION_MODE = wholemodule;
				SWIFT_OPTIMIZATION_LEVEL = "-O";
				VALIDATE_PRODUCT = YES;
			};
			name = Release;
		};
		83F6F8BD2568396D00E633AC /* Debug */ = {
			isa = XCBuildConfiguration;
			buildSettings = {
				ASSETCATALOG_COMPILER_APPICON_NAME = AppIcon;
				CODE_SIGN_STYLE = Automatic;
				DEVELOPMENT_ASSET_PATHS = "\"YoutubeWithSwiftUI/Preview Content\"";
				DEVELOPMENT_TEAM = Y3AP8SSHDH;
				ENABLE_PREVIEWS = YES;
				INFOPLIST_FILE = YoutubeWithSwiftUI/Info.plist;
				LD_RUNPATH_SEARCH_PATHS = (
					"$(inherited)",
					"@executable_path/Frameworks",
				);
				PRODUCT_BUNDLE_IDENTIFIER = com.tolgaiskender.YoutubeWithSwiftUI;
				PRODUCT_NAME = "$(TARGET_NAME)";
				SWIFT_VERSION = 5.0;
				TARGETED_DEVICE_FAMILY = "1,2";
			};
			name = Debug;
		};
		83F6F8BE2568396D00E633AC /* Release */ = {
			isa = XCBuildConfiguration;
			buildSettings = {
				ASSETCATALOG_COMPILER_APPICON_NAME = AppIcon;
				CODE_SIGN_STYLE = Automatic;
				DEVELOPMENT_ASSET_PATHS = "\"YoutubeWithSwiftUI/Preview Content\"";
				DEVELOPMENT_TEAM = Y3AP8SSHDH;
				ENABLE_PREVIEWS = YES;
				INFOPLIST_FILE = YoutubeWithSwiftUI/Info.plist;
				LD_RUNPATH_SEARCH_PATHS = (
					"$(inherited)",
					"@executable_path/Frameworks",
				);
				PRODUCT_BUNDLE_IDENTIFIER = com.tolgaiskender.YoutubeWithSwiftUI;
				PRODUCT_NAME = "$(TARGET_NAME)";
				SWIFT_VERSION = 5.0;
				TARGETED_DEVICE_FAMILY = "1,2";
			};
			name = Release;
		};
/* End XCBuildConfiguration section */

/* Begin XCConfigurationList section */
		83F6F8A32568396B00E633AC /* Build configuration list for PBXProject "YoutubeWithSwiftUI" */ = {
			isa = XCConfigurationList;
			buildConfigurations = (
				83F6F8BA2568396D00E633AC /* Debug */,
				83F6F8BB2568396D00E633AC /* Release */,
			);
			defaultConfigurationIsVisible = 0;
			defaultConfigurationName = Release;
		};
		83F6F8BC2568396D00E633AC /* Build configuration list for PBXNativeTarget "YoutubeWithSwiftUI" */ = {
			isa = XCConfigurationList;
			buildConfigurations = (
				83F6F8BD2568396D00E633AC /* Debug */,
				83F6F8BE2568396D00E633AC /* Release */,
			);
			defaultConfigurationIsVisible = 0;
			defaultConfigurationName = Release;
		};
/* End XCConfigurationList section */
	};
	rootObject = 83F6F8A02568396B00E633AC /* Project object */;
}
